
Microsoft Visual Studio Solution File, Format Version 12.00
# Visual Studio Version 16
VisualStudioVersion = 16.0.34301.259
MinimumVisualStudioVersion = 10.0.40219.1
Project("{FAE04EC0-301F-11D3-BF4B-00C04F79EFBC}") = "Dice_Game", "Dice_Game\Dice_Game.csproj", "{4E504297-FD61-48D5-9014-9D954090382E}"
EndProject
Global
	GlobalSection(SolutionConfigurationPlatforms) = preSolution
		Debug|Any CPU = Debug|Any CPU
		Release|Any CPU = Release|Any CPU
	EndGlobalSection
	GlobalSection(ProjectConfigurationPlatforms) = postSolution
		{4E504297-FD61-48D5-9014-9D954090382E}.Debug|Any CPU.ActiveCfg = Debug|Any CPU
		{4E504297-FD61-48D5-9014-9D954090382E}.Debug|Any CPU.Build.0 = Debug|Any CPU
		{4E504297-FD61-48D5-9014-9D954090382E}.Release|Any CPU.ActiveCfg = Release|Any CPU
		{4E504297-FD61-48D5-9014-9D954090382E}.Release|Any CPU.Build.0 = Release|Any CPU
	EndGlobalSection
	GlobalSection(SolutionProperties) = preSolution
		HideSolutionNode = FALSE
	EndGlobalSection
	GlobalSection(ExtensibilityGlobals) = postSolution
		SolutionGuid = {C16D76A3-DA78-423D-B8BE-6CE9988D75C8}
	EndGlobalSection
EndGlobal
